{
  "name": "proxy",
  "version": "1.0.0",
  "lockfileVersion": 3,
  "requires": true,
  "packages": {
    "": {
      "name": "proxy",
      "version": "1.0.0",
      "license": "ISC",
      "dependencies": {
        "node-tcp-proxy": "0.0.28"
      }
    },
    "node_modules/commander": {
      "version": "2.20.3",
      "resolved": "https://registry.npmjs.org/commander/-/commander-2.20.3.tgz",
      "integrity": "sha512-GpVkmM8vF2vQUkj2LvZmD35JxeJOLCwJ9cUkugyk2nuhbv3+mJvpLYYt+0+USMxE+oj+ey/lJEnhZw75x/OMcQ=="
    },
    "node_modules/node-tcp-proxy": {
      "version": "0.0.28",
      "resolved": "https://registry.npmjs.org/node-tcp-proxy/-/node-tcp-proxy-0.0.28.tgz",
      "integrity": "sha512-LfcN2CcUzJ5M7aG0kgD2Zueji5+anluVoRjXFDXJRzwFplao/xMmQ7iOKy5nWFutCQk30LTuShi1ULWTCl6MaQ==",
      "dependencies": {
        "commander": "^2.19.0"
      },
      "bin": {
        "tcpproxy": "tcp-proxy-cli.js"
      }
    }
  }
}
